<?xml version="1.0" encoding="utf-8"?>
<Project ToolsVersion="4.0" xmlns="http://schemas.microsoft.com/developer/msbuild/2003">
  <ItemGroup>
    <Filter Include="源文件">
      <UniqueIdentifier>{4FC737F1-C7A5-4376-A066-2A32D752A2FF}</UniqueIdentifier>
      <Extensions>cpp;c;cc;cxx;c++;cppm;ixx;def;odl;idl;hpj;bat;asm;asmx</Extensions>
    </Filter>
    <Filter Include="头文件">
      <UniqueIdentifier>{93995380-89BD-4b04-88EB-625FBE52EBFB}</UniqueIdentifier>
      <Extensions>h;hh;hpp;hxx;h++;hm;inl;inc;ipp;xsd</Extensions>
    </Filter>
    <Filter Include="资源文件">
      <UniqueIdentifier>{67DA6AB6-F800-4c08-8B7A-83BB121AAD01}</UniqueIdentifier>
      <Extensions>rc;ico;cur;bmp;dlg;rc2;rct;bin;rgs;gif;jpg;jpeg;jpe;resx;tiff;tif;png;wav;mfcribbon-ms</Extensions>
    </Filter>
    <Filter Include="baseinet">
      <UniqueIdentifier>{4c54101b-8b64-432b-a268-bd8e71fdd7ed}</UniqueIdentifier>
    </Filter>
    <Filter Include="http_parser">
      <UniqueIdentifier>{0facaacb-fce5-4bd3-931e-ce6e82ea22c6}</UniqueIdentifier>
    </Filter>
    <Filter Include="crypt">
      <UniqueIdentifier>{19fe180b-c5b0-4057-9fd0-006eecf02b1d}</UniqueIdentifier>
    </Filter>
    <Filter Include="mjson">
      <UniqueIdentifier>{2e6cc20d-05db-4174-ae97-475fe7680463}</UniqueIdentifier>
    </Filter>
  </ItemGroup>
  <ItemGroup>
    <ClCompile Include="Main.cpp">
      <Filter>源文件</Filter>
    </ClCompile>
    <ClCompile Include="baseinet\CNetManager.cpp">
      <Filter>baseinet</Filter>
    </ClCompile>
    <ClCompile Include="baseinet\CNetSession .cpp">
      <Filter>baseinet</Filter>
    </ClCompile>
    <ClCompile Include="baseinet\CServiceBase.cpp">
      <Filter>baseinet</Filter>
    </ClCompile>
    <ClCompile Include="CServerConfig.cpp">
      <Filter>源文件</Filter>
    </ClCompile>
    <ClCompile Include="http_parser\http_parser.c">
      <Filter>http_parser</Filter>
    </ClCompile>
    <ClCompile Include="crypt\base64_encoder.c">
      <Filter>crypt</Filter>
    </ClCompile>
    <ClCompile Include="crypt\sha1.c">
      <Filter>crypt</Filter>
    </ClCompile>
    <ClCompile Include="baseinet\CHttpParser.cpp">
      <Filter>baseinet</Filter>
    </ClCompile>
    <ClCompile Include="mjson\json.c">
      <Filter>mjson</Filter>
    </ClCompile>
    <ClCompile Include="mjson\json_extends.c">
      <Filter>mjson</Filter>
    </ClCompile>
  </ItemGroup>
  <ItemGroup>
    <ClInclude Include="PCH.h">
      <Filter>头文件</Filter>
    </ClInclude>
    <ClInclude Include="Platform.h">
      <Filter>头文件</Filter>
    </ClInclude>
    <ClInclude Include="BaseDefine.h">
      <Filter>头文件</Filter>
    </ClInclude>
    <ClInclude Include="baseinet\CNetManager.h">
      <Filter>baseinet</Filter>
    </ClInclude>
    <ClInclude Include="baseinet\CNetSession .h">
      <Filter>baseinet</Filter>
    </ClInclude>
    <ClInclude Include="baseinet\CServiceBase.h">
      <Filter>baseinet</Filter>
    </ClInclude>
    <ClInclude Include="CServerConfig.h">
      <Filter>头文件</Filter>
    </ClInclude>
    <ClInclude Include="http_parser\http_parser.h">
      <Filter>http_parser</Filter>
    </ClInclude>
    <ClInclude Include="crypt\base64_encoder.h">
      <Filter>crypt</Filter>
    </ClInclude>
    <ClInclude Include="crypt\sha1.h">
      <Filter>crypt</Filter>
    </ClInclude>
    <ClInclude Include="baseinet\CHttpParser.h">
      <Filter>baseinet</Filter>
    </ClInclude>
    <ClInclude Include="mjson\json.h">
      <Filter>mjson</Filter>
    </ClInclude>
    <ClInclude Include="mjson\json_extends.h">
      <Filter>mjson</Filter>
    </ClInclude>
  </ItemGroup>
</Project>